
Microsoft Visual Studio Solution File, Format Version 12.00
# Visual Studio Version 17
VisualStudioVersion = 17.9.34728.123
MinimumVisualStudioVersion = 10.0.40219.1
Project("{FAE04EC0-301F-11D3-BF4B-00C04F79EFBC}") = "TodoApplication", "TodoApplication\TodoApplication.csproj", "{2F5F8A11-FA69-45C5-902D-4EECBEE4387C}"
EndProject
Global
	GlobalSection(SolutionConfigurationPlatforms) = preSolution
		Debug|Any CPU = Debug|Any CPU
		Release|Any CPU = Release|Any CPU
	EndGlobalSection
	GlobalSection(ProjectConfigurationPlatforms) = postSolution
		{2F5F8A11-FA69-45C5-902D-4EECBEE4387C}.Debug|Any CPU.ActiveCfg = Debug|Any CPU
		{2F5F8A11-FA69-45C5-902D-4EECBEE4387C}.Debug|Any CPU.Build.0 = Debug|Any CPU
		{2F5F8A11-FA69-45C5-902D-4EECBEE4387C}.Release|Any CPU.ActiveCfg = Release|Any CPU
		{2F5F8A11-FA69-45C5-902D-4EECBEE4387C}.Release|Any CPU.Build.0 = Release|Any CPU
	EndGlobalSection
	GlobalSection(SolutionProperties) = preSolution
		HideSolutionNode = FALSE
	EndGlobalSection
	GlobalSection(ExtensibilityGlobals) = postSolution
		SolutionGuid = {1C6ADCFD-179F-4165-B8A2-B8BEC93C562D}
	EndGlobalSection
EndGlobal
